// !$*UTF8*$!
{
	archiveVersion = 1;
	classes = {
	};
	objectVersion = 55;
	objects = {

/* Begin PBXBuildFile section */
		181D8F722AC3459A00098479 /* ContentBasedFilter.swift in Sources */ = {isa = PBXBuildFile; fileRef = 181D8F712AC3459A00098479 /* ContentBasedFilter.swift */; };
		181D8F742AC345C200098479 /* RecommendPost.swift in Sources */ = {isa = PBXBuildFile; fileRef = 181D8F732AC345C200098479 /* RecommendPost.swift */; };
		182721032AC5CB0900AAEA21 /* UserInteraction.swift in Sources */ = {isa = PBXBuildFile; fileRef = 182721022AC5CB0900AAEA21 /* UserInteraction.swift */; };
		183FF6712A7DFEAB0069012B /* LoginView.swift in Sources */ = {isa = PBXBuildFile; fileRef = 183FF6702A7DFEAB0069012B /* LoginView.swift */; };
		183FF6732A7E02940069012B /* RegisterView.storyboard in Resources */ = {isa = PBXBuildFile; fileRef = 183FF6722A7E02940069012B /* RegisterView.storyboard */; };
		183FF6752A7E02AB0069012B /* RegisterView.swift in Sources */ = {isa = PBXBuildFile; fileRef = 183FF6742A7E02AB0069012B /* RegisterView.swift */; };
		183FF6782A7E61AB0069012B /* PostCollectionCell.swift in Sources */ = {isa = PBXBuildFile; fileRef = 183FF6762A7E61AB0069012B /* PostCollectionCell.swift */; };
		183FF6792A7E61AB0069012B /* PostCollectionCell.xib in Resources */ = {isa = PBXBuildFile; fileRef = 183FF6772A7E61AB0069012B /* PostCollectionCell.xib */; };
		1841100A2A5DA11400A7674D /* UserInfor.swift in Sources */ = {isa = PBXBuildFile; fileRef = 184110092A5DA11400A7674D /* UserInfor.swift */; };
		1841100C2A5DB4EC00A7674D /* ZoomImageScreen.swift in Sources */ = {isa = PBXBuildFile; fileRef = 1841100B2A5DB4EC00A7674D /* ZoomImageScreen.swift */; };
		1841100E2A5DB50700A7674D /* ZoomImageScreen.storyboard in Resources */ = {isa = PBXBuildFile; fileRef = 1841100D2A5DB50700A7674D /* ZoomImageScreen.storyboard */; };
		1844602E2A643A750012E0CC /* ZoomImageCell.swift in Sources */ = {isa = PBXBuildFile; fileRef = 1844602C2A643A750012E0CC /* ZoomImageCell.swift */; };
		1844602F2A643A750012E0CC /* ZoomImageCell.xib in Resources */ = {isa = PBXBuildFile; fileRef = 1844602D2A643A750012E0CC /* ZoomImageCell.xib */; };
		184460322A643B440012E0CC /* WebViewCell.swift in Sources */ = {isa = PBXBuildFile; fileRef = 184460302A643B440012E0CC /* WebViewCell.swift */; };
		184460332A643B440012E0CC /* WebViewCell.xib in Resources */ = {isa = PBXBuildFile; fileRef = 184460312A643B440012E0CC /* WebViewCell.xib */; };
		18469D882A591538009ACE6A /* AppDelegate.swift in Sources */ = {isa = PBXBuildFile; fileRef = 18469D872A591538009ACE6A /* AppDelegate.swift */; };
		18469D8A2A591538009ACE6A /* SceneDelegate.swift in Sources */ = {isa = PBXBuildFile; fileRef = 18469D892A591538009ACE6A /* SceneDelegate.swift */; };
		18469D912A591539009ACE6A /* Assets.xcassets in Resources */ = {isa = PBXBuildFile; fileRef = 18469D902A591539009ACE6A /* Assets.xcassets */; };
		18469D942A591539009ACE6A /* LaunchScreen.storyboard in Resources */ = {isa = PBXBuildFile; fileRef = 18469D922A591539009ACE6A /* LaunchScreen.storyboard */; };
		18469D9F2A5915FA009ACE6A /* Staatliches-Regular.ttf in Resources */ = {isa = PBXBuildFile; fileRef = 18469D9E2A5915FA009ACE6A /* Staatliches-Regular.ttf */; };
		18469DF42A591640009ACE6A /* ViewExtension.swift in Sources */ = {isa = PBXBuildFile; fileRef = 18469DA32A59163F009ACE6A /* ViewExtension.swift */; };
		18469DF82A591640009ACE6A /* Constant.swift in Sources */ = {isa = PBXBuildFile; fileRef = 18469DA82A59163F009ACE6A /* Constant.swift */; };
		18469E062A591640009ACE6A /* RoomImageCell.swift in Sources */ = {isa = PBXBuildFile; fileRef = 18469DB82A591640009ACE6A /* RoomImageCell.swift */; };
		18469E072A591640009ACE6A /* MenuCell.swift in Sources */ = {isa = PBXBuildFile; fileRef = 18469DB92A591640009ACE6A /* MenuCell.swift */; };
		18469E112A591640009ACE6A /* RoomImageCell.xib in Resources */ = {isa = PBXBuildFile; fileRef = 18469DC72A591640009ACE6A /* RoomImageCell.xib */; };
		18469E122A591640009ACE6A /* MenuCell.xib in Resources */ = {isa = PBXBuildFile; fileRef = 18469DC82A591640009ACE6A /* MenuCell.xib */; };
		18469E132A591640009ACE6A /* SearchScreen.storyboard in Resources */ = {isa = PBXBuildFile; fileRef = 18469DCA2A591640009ACE6A /* SearchScreen.storyboard */; };
		18469E142A591640009ACE6A /* MainScreen.storyboard in Resources */ = {isa = PBXBuildFile; fileRef = 18469DCB2A591640009ACE6A /* MainScreen.storyboard */; };
		18469E152A591640009ACE6A /* PostScreen.storyboard in Resources */ = {isa = PBXBuildFile; fileRef = 18469DCD2A591640009ACE6A /* PostScreen.storyboard */; };
		18469E162A591640009ACE6A /* SettingScreen.storyboard in Resources */ = {isa = PBXBuildFile; fileRef = 18469DCE2A591640009ACE6A /* SettingScreen.storyboard */; };
		18469E172A591640009ACE6A /* LibraryScreen.storyboard in Resources */ = {isa = PBXBuildFile; fileRef = 18469DCF2A591640009ACE6A /* LibraryScreen.storyboard */; };
		18469E182A591640009ACE6A /* HomeScreen.storyboard in Resources */ = {isa = PBXBuildFile; fileRef = 18469DD02A591640009ACE6A /* HomeScreen.storyboard */; };
		18469E1C2A591640009ACE6A /* SettingThemeView.storyboard in Resources */ = {isa = PBXBuildFile; fileRef = 18469DD62A591640009ACE6A /* SettingThemeView.storyboard */; };
		18469E1D2A591640009ACE6A /* AccountSettingView.storyboard in Resources */ = {isa = PBXBuildFile; fileRef = 18469DD72A591640009ACE6A /* AccountSettingView.storyboard */; };
		18469E212A591640009ACE6A /* MainScreen.swift in Sources */ = {isa = PBXBuildFile; fileRef = 18469DDE2A591640009ACE6A /* MainScreen.swift */; };
		18469E252A591640009ACE6A /* SearchScreen.swift in Sources */ = {isa = PBXBuildFile; fileRef = 18469DE42A591640009ACE6A /* SearchScreen.swift */; };
		18469E262A591640009ACE6A /* PostScreen.swift in Sources */ = {isa = PBXBuildFile; fileRef = 18469DE62A591640009ACE6A /* PostScreen.swift */; };
		18469E272A591640009ACE6A /* LibraryScreen.swift in Sources */ = {isa = PBXBuildFile; fileRef = 18469DE82A591640009ACE6A /* LibraryScreen.swift */; };
		18469E282A591640009ACE6A /* SettingScreenController.swift in Sources */ = {isa = PBXBuildFile; fileRef = 18469DEA2A591640009ACE6A /* SettingScreenController.swift */; };
		18469E292A591640009ACE6A /* AccountSettingView.swift in Sources */ = {isa = PBXBuildFile; fileRef = 18469DEB2A591640009ACE6A /* AccountSettingView.swift */; };
		18469E2A2A591640009ACE6A /* SettingThemeView.swift in Sources */ = {isa = PBXBuildFile; fileRef = 18469DEC2A591640009ACE6A /* SettingThemeView.swift */; };
		18469E2E2A591640009ACE6A /* HomeScreen.swift in Sources */ = {isa = PBXBuildFile; fileRef = 18469DF22A591640009ACE6A /* HomeScreen.swift */; };
		18469E312A5978E7009ACE6A /* PostCell.swift in Sources */ = {isa = PBXBuildFile; fileRef = 18469E2F2A5978E7009ACE6A /* PostCell.swift */; };
		18469E322A5978E7009ACE6A /* PostCell.xib in Resources */ = {isa = PBXBuildFile; fileRef = 18469E302A5978E7009ACE6A /* PostCell.xib */; };
		18469E342A597C87009ACE6A /* Post.swift in Sources */ = {isa = PBXBuildFile; fileRef = 18469E332A597C87009ACE6A /* Post.swift */; };
		18469E362A597EFF009ACE6A /* PostData.swift in Sources */ = {isa = PBXBuildFile; fileRef = 18469E352A597EFF009ACE6A /* PostData.swift */; };
		18469E3C2A598003009ACE6A /* SwiftSoup in Frameworks */ = {isa = PBXBuildFile; productRef = 18469E3B2A598003009ACE6A /* SwiftSoup */; };
		18469E402A59BB21009ACE6A /* LoadImage.swift in Sources */ = {isa = PBXBuildFile; fileRef = 18469E3F2A59BB21009ACE6A /* LoadImage.swift */; };
		18558C8E2AC87F450077AE0A /* User.swift in Sources */ = {isa = PBXBuildFile; fileRef = 18558C8D2AC87F450077AE0A /* User.swift */; };
		1856D6BE2A5A60B30069586D /* PostDetailScreen.storyboard in Resources */ = {isa = PBXBuildFile; fileRef = 1856D6BD2A5A60B30069586D /* PostDetailScreen.storyboard */; };
		1856D6C02A5A61470069586D /* PostDetailScreen.swift in Sources */ = {isa = PBXBuildFile; fileRef = 1856D6BF2A5A61470069586D /* PostDetailScreen.swift */; };
		1856D6C62A5AB8B00069586D /* PostDetail.swift in Sources */ = {isa = PBXBuildFile; fileRef = 1856D6C52A5AB8B00069586D /* PostDetail.swift */; };
		1856D6C82A5ABB270069586D /* PostDetailData.swift in Sources */ = {isa = PBXBuildFile; fileRef = 1856D6C72A5ABB270069586D /* PostDetailData.swift */; };
		1875B9072A66DD1700C7E635 /* StringExtension.swift in Sources */ = {isa = PBXBuildFile; fileRef = 1875B9062A66DD1700C7E635 /* StringExtension.swift */; };
		18825A792A715E9900F8FC90 /* PriceFilterView.xib in Resources */ = {isa = PBXBuildFile; fileRef = 18825A782A715E9900F8FC90 /* PriceFilterView.xib */; };
		18825A7B2A71613400F8FC90 /* PriceFilterView.swift in Sources */ = {isa = PBXBuildFile; fileRef = 18825A7A2A71613400F8FC90 /* PriceFilterView.swift */; };
		18825A7D2A71850A00F8FC90 /* DoubleExtension.swift in Sources */ = {isa = PBXBuildFile; fileRef = 18825A7C2A71850A00F8FC90 /* DoubleExtension.swift */; };
		188B29E02A7DF810004C07A5 /* LoginView.storyboard in Resources */ = {isa = PBXBuildFile; fileRef = 188B29DF2A7DF810004C07A5 /* LoginView.storyboard */; };
		189E0B222A66EE45008BD0D0 /* FullAddress.txt in Resources */ = {isa = PBXBuildFile; fileRef = 189E0B212A66EE45008BD0D0 /* FullAddress.txt */; };
		189E0B242A66EE69008BD0D0 /* GetFullAddress.swift in Sources */ = {isa = PBXBuildFile; fileRef = 189E0B232A66EE69008BD0D0 /* GetFullAddress.swift */; };
		189E0B272A66EECE008BD0D0 /* FullAddress.swift in Sources */ = {isa = PBXBuildFile; fileRef = 189E0B262A66EECE008BD0D0 /* FullAddress.swift */; };
		18AD083F2A7FF51600148A1C /* UpdateInformationView.storyboard in Resources */ = {isa = PBXBuildFile; fileRef = 18AD083E2A7FF51600148A1C /* UpdateInformationView.storyboard */; };
		18AD08412A7FF52900148A1C /* UpdateInformationView.swift in Sources */ = {isa = PBXBuildFile; fileRef = 18AD08402A7FF52900148A1C /* UpdateInformationView.swift */; };
		18C31D422A6CD73F00E1E0DD /* FullCities.txt in Resources */ = {isa = PBXBuildFile; fileRef = 18C31D412A6CD73F00E1E0DD /* FullCities.txt */; };
		18C31D462A6CE49700E1E0DD /* FullDistricts.txt in Resources */ = {isa = PBXBuildFile; fileRef = 18C31D452A6CE49700E1E0DD /* FullDistricts.txt */; };
		18D6FF522A697D9E00B9B571 /* MenuDropDown.swift in Sources */ = {isa = PBXBuildFile; fileRef = 18D6FF512A697D9E00B9B571 /* MenuDropDown.swift */; };
		18E18ACE2AD2D1FC005E1A8C /* GetAllPost.swift in Sources */ = {isa = PBXBuildFile; fileRef = 18E18ACD2AD2D1FC005E1A8C /* GetAllPost.swift */; };
		18E18AD02AD2D26B005E1A8C /* CollaborativeFilter.swift in Sources */ = {isa = PBXBuildFile; fileRef = 18E18ACF2AD2D26B005E1A8C /* CollaborativeFilter.swift */; };
		18E63FE72A72B5EB00F04E00 /* AreaFilterView.xib in Resources */ = {isa = PBXBuildFile; fileRef = 18E63FE62A72B5EB00F04E00 /* AreaFilterView.xib */; };
		18E63FE92A72B88C00F04E00 /* AreaFilterView.swift in Sources */ = {isa = PBXBuildFile; fileRef = 18E63FE82A72B88C00F04E00 /* AreaFilterView.swift */; };
/* End PBXBuildFile section */

/* Begin PBXCopyFilesBuildPhase section */
		18E18AD52AD305D5005E1A8C /* Embed Frameworks */ = {
			isa = PBXCopyFilesBuildPhase;
			buildActionMask = 2147483647;
			dstPath = "";
			dstSubfolderSpec = 10;
			files = (
			);
			name = "Embed Frameworks";
			runOnlyForDeploymentPostprocessing = 0;
		};
/* End PBXCopyFilesBuildPhase section */

/* Begin PBXFileReference section */
		181D8F712AC3459A00098479 /* ContentBasedFilter.swift */ = {isa = PBXFileReference; lastKnownFileType = sourcecode.swift; path = ContentBasedFilter.swift; sourceTree = "<group>"; };
		181D8F732AC345C200098479 /* RecommendPost.swift */ = {isa = PBXFileReference; lastKnownFileType = sourcecode.swift; path = RecommendPost.swift; sourceTree = "<group>"; };
		182721022AC5CB0900AAEA21 /* UserInteraction.swift */ = {isa = PBXFileReference; lastKnownFileType = sourcecode.swift; path = UserInteraction.swift; sourceTree = "<group>"; };
		183FF6702A7DFEAB0069012B /* LoginView.swift */ = {isa = PBXFileReference; lastKnownFileType = sourcecode.swift; path = LoginView.swift; sourceTree = "<group>"; };
		183FF6722A7E02940069012B /* RegisterView.storyboard */ = {isa = PBXFileReference; lastKnownFileType = file.storyboard; path = RegisterView.storyboard; sourceTree = "<group>"; };
		183FF6742A7E02AB0069012B /* RegisterView.swift */ = {isa = PBXFileReference; lastKnownFileType = sourcecode.swift; path = RegisterView.swift; sourceTree = "<group>"; };
		183FF6762A7E61AB0069012B /* PostCollectionCell.swift */ = {isa = PBXFileReference; lastKnownFileType = sourcecode.swift; path = PostCollectionCell.swift; sourceTree = "<group>"; };
		183FF6772A7E61AB0069012B /* PostCollectionCell.xib */ = {isa = PBXFileReference; lastKnownFileType = file.xib; path = PostCollectionCell.xib; sourceTree = "<group>"; };
		184110092A5DA11400A7674D /* UserInfor.swift */ = {isa = PBXFileReference; lastKnownFileType = sourcecode.swift; path = UserInfor.swift; sourceTree = "<group>"; };
		1841100B2A5DB4EC00A7674D /* ZoomImageScreen.swift */ = {isa = PBXFileReference; lastKnownFileType = sourcecode.swift; path = ZoomImageScreen.swift; sourceTree = "<group>"; };
		1841100D2A5DB50700A7674D /* ZoomImageScreen.storyboard */ = {isa = PBXFileReference; lastKnownFileType = file.storyboard; path = ZoomImageScreen.storyboard; sourceTree = "<group>"; };
		1844602C2A643A750012E0CC /* ZoomImageCell.swift */ = {isa = PBXFileReference; lastKnownFileType = sourcecode.swift; name = ZoomImageCell.swift; path = ../Storyboard/Cells/ZoomImageCell.swift; sourceTree = "<group>"; };
		1844602D2A643A750012E0CC /* ZoomImageCell.xib */ = {isa = PBXFileReference; lastKnownFileType = file.xib; path = ZoomImageCell.xib; sourceTree = "<group>"; };
		184460302A643B440012E0CC /* WebViewCell.swift */ = {isa = PBXFileReference; lastKnownFileType = sourcecode.swift; path = WebViewCell.swift; sourceTree = "<group>"; };
		184460312A643B440012E0CC /* WebViewCell.xib */ = {isa = PBXFileReference; lastKnownFileType = file.xib; path = WebViewCell.xib; sourceTree = "<group>"; };
		18469D842A591538009ACE6A /* FinalProject.app */ = {isa = PBXFileReference; explicitFileType = wrapper.application; includeInIndex = 0; path = FinalProject.app; sourceTree = BUILT_PRODUCTS_DIR; };
		18469D872A591538009ACE6A /* AppDelegate.swift */ = {isa = PBXFileReference; lastKnownFileType = sourcecode.swift; path = AppDelegate.swift; sourceTree = "<group>"; };
		18469D892A591538009ACE6A /* SceneDelegate.swift */ = {isa = PBXFileReference; lastKnownFileType = sourcecode.swift; path = SceneDelegate.swift; sourceTree = "<group>"; };
		18469D902A591539009ACE6A /* Assets.xcassets */ = {isa = PBXFileReference; lastKnownFileType = folder.assetcatalog; path = Assets.xcassets; sourceTree = "<group>"; };
		18469D932A591539009ACE6A /* Base */ = {isa = PBXFileReference; lastKnownFileType = file.storyboard; name = Base; path = Base.lproj/LaunchScreen.storyboard; sourceTree = "<group>"; };
		18469D952A591539009ACE6A /* Info.plist */ = {isa = PBXFileReference; lastKnownFileType = text.plist.xml; path = Info.plist; sourceTree = "<group>"; };
		18469D9E2A5915FA009ACE6A /* Staatliches-Regular.ttf */ = {isa = PBXFileReference; lastKnownFileType = file; path = "Staatliches-Regular.ttf"; sourceTree = "<group>"; };
		18469DA32A59163F009ACE6A /* ViewExtension.swift */ = {isa = PBXFileReference; fileEncoding = 4; lastKnownFileType = sourcecode.swift; path = ViewExtension.swift; sourceTree = "<group>"; };
		18469DA82A59163F009ACE6A /* Constant.swift */ = {isa = PBXFileReference; fileEncoding = 4; lastKnownFileType = sourcecode.swift; path = Constant.swift; sourceTree = "<group>"; };
		18469DB82A591640009ACE6A /* RoomImageCell.swift */ = {isa = PBXFileReference; fileEncoding = 4; lastKnownFileType = sourcecode.swift; path = RoomImageCell.swift; sourceTree = "<group>"; };
		18469DB92A591640009ACE6A /* MenuCell.swift */ = {isa = PBXFileReference; fileEncoding = 4; lastKnownFileType = sourcecode.swift; path = MenuCell.swift; sourceTree = "<group>"; };
		18469DC72A591640009ACE6A /* RoomImageCell.xib */ = {isa = PBXFileReference; fileEncoding = 4; lastKnownFileType = file.xib; path = RoomImageCell.xib; sourceTree = "<group>"; };
		18469DC82A591640009ACE6A /* MenuCell.xib */ = {isa = PBXFileReference; fileEncoding = 4; lastKnownFileType = file.xib; path = MenuCell.xib; sourceTree = "<group>"; };
		18469DCA2A591640009ACE6A /* SearchScreen.storyboard */ = {isa = PBXFileReference; fileEncoding = 4; lastKnownFileType = file.storyboard; path = SearchScreen.storyboard; sourceTree = "<group>"; };
		18469DCC2A591640009ACE6A /* Base */ = {isa = PBXFileReference; lastKnownFileType = file.storyboard; name = Base; path = Base.lproj/MainScreen.storyboard; sourceTree = "<group>"; };
		18469DCD2A591640009ACE6A /* PostScreen.storyboard */ = {isa = PBXFileReference; fileEncoding = 4; lastKnownFileType = file.storyboard; path = PostScreen.storyboard; sourceTree = "<group>"; };
		18469DCE2A591640009ACE6A /* SettingScreen.storyboard */ = {isa = PBXFileReference; fileEncoding = 4; lastKnownFileType = file.storyboard; path = SettingScreen.storyboard; sourceTree = "<group>"; };
		18469DCF2A591640009ACE6A /* LibraryScreen.storyboard */ = {isa = PBXFileReference; fileEncoding = 4; lastKnownFileType = file.storyboard; path = LibraryScreen.storyboard; sourceTree = "<group>"; };
		18469DD02A591640009ACE6A /* HomeScreen.storyboard */ = {isa = PBXFileReference; fileEncoding = 4; lastKnownFileType = file.storyboard; path = HomeScreen.storyboard; sourceTree = "<group>"; };
		18469DD62A591640009ACE6A /* SettingThemeView.storyboard */ = {isa = PBXFileReference; fileEncoding = 4; lastKnownFileType = file.storyboard; path = SettingThemeView.storyboard; sourceTree = "<group>"; };
		18469DD72A591640009ACE6A /* AccountSettingView.storyboard */ = {isa = PBXFileReference; fileEncoding = 4; lastKnownFileType = file.storyboard; path = AccountSettingView.storyboard; sourceTree = "<group>"; };
		18469DDE2A591640009ACE6A /* MainScreen.swift */ = {isa = PBXFileReference; fileEncoding = 4; lastKnownFileType = sourcecode.swift; path = MainScreen.swift; sourceTree = "<group>"; };
		18469DE42A591640009ACE6A /* SearchScreen.swift */ = {isa = PBXFileReference; fileEncoding = 4; lastKnownFileType = sourcecode.swift; path = SearchScreen.swift; sourceTree = "<group>"; };
		18469DE62A591640009ACE6A /* PostScreen.swift */ = {isa = PBXFileReference; fileEncoding = 4; lastKnownFileType = sourcecode.swift; path = PostScreen.swift; sourceTree = "<group>"; };
		18469DE82A591640009ACE6A /* LibraryScreen.swift */ = {isa = PBXFileReference; fileEncoding = 4; lastKnownFileType = sourcecode.swift; path = LibraryScreen.swift; sourceTree = "<group>"; };
		18469DEA2A591640009ACE6A /* SettingScreenController.swift */ = {isa = PBXFileReference; fileEncoding = 4; lastKnownFileType = sourcecode.swift; path = SettingScreenController.swift; sourceTree = "<group>"; };
		18469DEB2A591640009ACE6A /* AccountSettingView.swift */ = {isa = PBXFileReference; fileEncoding = 4; lastKnownFileType = sourcecode.swift; path = AccountSettingView.swift; sourceTree = "<group>"; };
		18469DEC2A591640009ACE6A /* SettingThemeView.swift */ = {isa = PBXFileReference; fileEncoding = 4; lastKnownFileType = sourcecode.swift; path = SettingThemeView.swift; sourceTree = "<group>"; };
		18469DF22A591640009ACE6A /* HomeScreen.swift */ = {isa = PBXFileReference; fileEncoding = 4; lastKnownFileType = sourcecode.swift; path = HomeScreen.swift; sourceTree = "<group>"; };
		18469E2F2A5978E7009ACE6A /* PostCell.swift */ = {isa = PBXFileReference; lastKnownFileType = sourcecode.swift; path = PostCell.swift; sourceTree = "<group>"; };
		18469E302A5978E7009ACE6A /* PostCell.xib */ = {isa = PBXFileReference; lastKnownFileType = file.xib; path = PostCell.xib; sourceTree = "<group>"; };
		18469E332A597C87009ACE6A /* Post.swift */ = {isa = PBXFileReference; lastKnownFileType = sourcecode.swift; path = Post.swift; sourceTree = "<group>"; };
		18469E352A597EFF009ACE6A /* PostData.swift */ = {isa = PBXFileReference; lastKnownFileType = sourcecode.swift; path = PostData.swift; sourceTree = "<group>"; };
		18469E3F2A59BB21009ACE6A /* LoadImage.swift */ = {isa = PBXFileReference; lastKnownFileType = sourcecode.swift; path = LoadImage.swift; sourceTree = "<group>"; };
		18558C8D2AC87F450077AE0A /* User.swift */ = {isa = PBXFileReference; lastKnownFileType = sourcecode.swift; path = User.swift; sourceTree = "<group>"; };
		1856D6BD2A5A60B30069586D /* PostDetailScreen.storyboard */ = {isa = PBXFileReference; lastKnownFileType = file.storyboard; path = PostDetailScreen.storyboard; sourceTree = "<group>"; };
		1856D6BF2A5A61470069586D /* PostDetailScreen.swift */ = {isa = PBXFileReference; lastKnownFileType = sourcecode.swift; path = PostDetailScreen.swift; sourceTree = "<group>"; };
		1856D6C52A5AB8B00069586D /* PostDetail.swift */ = {isa = PBXFileReference; lastKnownFileType = sourcecode.swift; path = PostDetail.swift; sourceTree = "<group>"; };
		1856D6C72A5ABB270069586D /* PostDetailData.swift */ = {isa = PBXFileReference; lastKnownFileType = sourcecode.swift; path = PostDetailData.swift; sourceTree = "<group>"; };
		1875B9062A66DD1700C7E635 /* StringExtension.swift */ = {isa = PBXFileReference; lastKnownFileType = sourcecode.swift; path = StringExtension.swift; sourceTree = "<group>"; };
		18825A782A715E9900F8FC90 /* PriceFilterView.xib */ = {isa = PBXFileReference; lastKnownFileType = file.xib; path = PriceFilterView.xib; sourceTree = "<group>"; };
		18825A7A2A71613400F8FC90 /* PriceFilterView.swift */ = {isa = PBXFileReference; lastKnownFileType = sourcecode.swift; path = PriceFilterView.swift; sourceTree = "<group>"; };
		18825A7C2A71850A00F8FC90 /* DoubleExtension.swift */ = {isa = PBXFileReference; lastKnownFileType = sourcecode.swift; path = DoubleExtension.swift; sourceTree = "<group>"; };
		188B29DF2A7DF810004C07A5 /* LoginView.storyboard */ = {isa = PBXFileReference; lastKnownFileType = file.storyboard; path = LoginView.storyboard; sourceTree = "<group>"; };
		189E0B212A66EE45008BD0D0 /* FullAddress.txt */ = {isa = PBXFileReference; fileEncoding = 4; lastKnownFileType = text; path = FullAddress.txt; sourceTree = "<group>"; };
		189E0B232A66EE69008BD0D0 /* GetFullAddress.swift */ = {isa = PBXFileReference; lastKnownFileType = sourcecode.swift; path = GetFullAddress.swift; sourceTree = "<group>"; };
		189E0B262A66EECE008BD0D0 /* FullAddress.swift */ = {isa = PBXFileReference; lastKnownFileType = sourcecode.swift; path = FullAddress.swift; sourceTree = "<group>"; };
		18AD083E2A7FF51600148A1C /* UpdateInformationView.storyboard */ = {isa = PBXFileReference; lastKnownFileType = file.storyboard; path = UpdateInformationView.storyboard; sourceTree = "<group>"; };
		18AD08402A7FF52900148A1C /* UpdateInformationView.swift */ = {isa = PBXFileReference; lastKnownFileType = sourcecode.swift; path = UpdateInformationView.swift; sourceTree = "<group>"; };
		18C31D412A6CD73F00E1E0DD /* FullCities.txt */ = {isa = PBXFileReference; fileEncoding = 4; lastKnownFileType = text; path = FullCities.txt; sourceTree = "<group>"; };
		18C31D452A6CE49700E1E0DD /* FullDistricts.txt */ = {isa = PBXFileReference; fileEncoding = 4; lastKnownFileType = text; path = FullDistricts.txt; sourceTree = "<group>"; };
		18D6FF512A697D9E00B9B571 /* MenuDropDown.swift */ = {isa = PBXFileReference; fileEncoding = 4; lastKnownFileType = sourcecode.swift; path = MenuDropDown.swift; sourceTree = "<group>"; };
		18E18ACD2AD2D1FC005E1A8C /* GetAllPost.swift */ = {isa = PBXFileReference; lastKnownFileType = sourcecode.swift; path = GetAllPost.swift; sourceTree = "<group>"; };
		18E18ACF2AD2D26B005E1A8C /* CollaborativeFilter.swift */ = {isa = PBXFileReference; lastKnownFileType = sourcecode.swift; path = CollaborativeFilter.swift; sourceTree = "<group>"; };
		18E63FE62A72B5EB00F04E00 /* AreaFilterView.xib */ = {isa = PBXFileReference; lastKnownFileType = file.xib; path = AreaFilterView.xib; sourceTree = "<group>"; };
		18E63FE82A72B88C00F04E00 /* AreaFilterView.swift */ = {isa = PBXFileReference; lastKnownFileType = sourcecode.swift; path = AreaFilterView.swift; sourceTree = "<group>"; };
/* End PBXFileReference section */

/* Begin PBXFrameworksBuildPhase section */
		18469D812A591538009ACE6A /* Frameworks */ = {
			isa = PBXFrameworksBuildPhase;
			buildActionMask = 2147483647;
			files = (
				18469E3C2A598003009ACE6A /* SwiftSoup in Frameworks */,
			);
			runOnlyForDeploymentPostprocessing = 0;
		};
/* End PBXFrameworksBuildPhase section */

/* Begin PBXGroup section */
		181D8F702AC3455000098479 /* RecommenderSystem */ = {
			isa = PBXGroup;
			children = (
				18558C8D2AC87F450077AE0A /* User.swift */,
				18E18ACD2AD2D1FC005E1A8C /* GetAllPost.swift */,
				181D8F712AC3459A00098479 /* ContentBasedFilter.swift */,
				18E18ACF2AD2D26B005E1A8C /* CollaborativeFilter.swift */,
				181D8F732AC345C200098479 /* RecommendPost.swift */,
			);
			path = RecommenderSystem;
			sourceTree = "<group>";
		};
		183FF67A2A7EAE790069012B /* LibraryScreen */ = {
			isa = PBXGroup;
			children = (
				18469DCF2A591640009ACE6A /* LibraryScreen.storyboard */,
			);
			path = LibraryScreen;
			sourceTree = "<group>";
		};
		18469D7B2A591537009ACE6A = {
			isa = PBXGroup;
			children = (
				18469D862A591538009ACE6A /* FinalProject */,
				18469D852A591538009ACE6A /* Products */,
			);
			sourceTree = "<group>";
		};
		18469D852A591538009ACE6A /* Products */ = {
			isa = PBXGroup;
			children = (
				18469D842A591538009ACE6A /* FinalProject.app */,
			);
			name = Products;
			sourceTree = "<group>";
		};
		18469D862A591538009ACE6A /* FinalProject */ = {
			isa = PBXGroup;
			children = (
				18469D9B2A5915A5009ACE6A /* AppStart */,
				18469DA72A59163F009ACE6A /* Constant */,
				18469DA12A59163F009ACE6A /* Extension */,
				18469E3D2A59BB02009ACE6A /* Support */,
				18469DA92A59163F009ACE6A /* Model */,
				181D8F702AC3455000098479 /* RecommenderSystem */,
				18469DDC2A591640009ACE6A /* ViewControllers */,
				18469DB02A591640009ACE6A /* Cells */,
				18AD083D2A7FA4D200148A1C /* View */,
				18469DBA2A591640009ACE6A /* Storyboard */,
				18469D9C2A5915C6009ACE6A /* Resources */,
				18469D952A591539009ACE6A /* Info.plist */,
			);
			path = FinalProject;
			sourceTree = "<group>";
		};
		18469D9B2A5915A5009ACE6A /* AppStart */ = {
			isa = PBXGroup;
			children = (
				18469D872A591538009ACE6A /* AppDelegate.swift */,
				18469D892A591538009ACE6A /* SceneDelegate.swift */,
			);
			path = AppStart;
			sourceTree = "<group>";
		};
		18469D9C2A5915C6009ACE6A /* Resources */ = {
			isa = PBXGroup;
			children = (
				18469D9D2A5915FA009ACE6A /* Fonts */,
				18469DA02A591601009ACE6A /* Assets */,
			);
			path = Resources;
			sourceTree = "<group>";
		};
		18469D9D2A5915FA009ACE6A /* Fonts */ = {
			isa = PBXGroup;
			children = (
				18469D9E2A5915FA009ACE6A /* Staatliches-Regular.ttf */,
			);
			path = Fonts;
			sourceTree = "<group>";
		};
		18469DA02A591601009ACE6A /* Assets */ = {
			isa = PBXGroup;
			children = (
				18469D902A591539009ACE6A /* Assets.xcassets */,
			);
			path = Assets;
			sourceTree = "<group>";
		};
		18469DA12A59163F009ACE6A /* Extension */ = {
			isa = PBXGroup;
			children = (
				18469DA32A59163F009ACE6A /* ViewExtension.swift */,
				1875B9062A66DD1700C7E635 /* StringExtension.swift */,
				18825A7C2A71850A00F8FC90 /* DoubleExtension.swift */,
			);
			path = Extension;
			sourceTree = "<group>";
		};
		18469DA72A59163F009ACE6A /* Constant */ = {
			isa = PBXGroup;
			children = (
				18469DA82A59163F009ACE6A /* Constant.swift */,
			);
			path = Constant;
			sourceTree = "<group>";
		};
		18469DA92A59163F009ACE6A /* Model */ = {
			isa = PBXGroup;
			children = (
				18469E332A597C87009ACE6A /* Post.swift */,
				18469E352A597EFF009ACE6A /* PostData.swift */,
				1856D6C52A5AB8B00069586D /* PostDetail.swift */,
				1856D6C72A5ABB270069586D /* PostDetailData.swift */,
				184110092A5DA11400A7674D /* UserInfor.swift */,
				182721022AC5CB0900AAEA21 /* UserInteraction.swift */,
			);
			path = Model;
			sourceTree = "<group>";
		};
		18469DB02A591640009ACE6A /* Cells */ = {
			isa = PBXGroup;
			children = (
				18469DB92A591640009ACE6A /* MenuCell.swift */,
				18469DB82A591640009ACE6A /* RoomImageCell.swift */,
				18469E2F2A5978E7009ACE6A /* PostCell.swift */,
				1844602C2A643A750012E0CC /* ZoomImageCell.swift */,
				183FF6762A7E61AB0069012B /* PostCollectionCell.swift */,
				184460302A643B440012E0CC /* WebViewCell.swift */,
			);
			path = Cells;
			sourceTree = "<group>";
		};
		18469DBA2A591640009ACE6A /* Storyboard */ = {
			isa = PBXGroup;
			children = (
				18469DBB2A591640009ACE6A /* LaunchScreen */,
				18469DBF2A591640009ACE6A /* Cells */,
				18469DC92A591640009ACE6A /* Screens */,
				18469DD52A591640009ACE6A /* View */,
			);
			path = Storyboard;
			sourceTree = "<group>";
		};
		18469DBB2A591640009ACE6A /* LaunchScreen */ = {
			isa = PBXGroup;
			children = (
				18469D922A591539009ACE6A /* LaunchScreen.storyboard */,
			);
			path = LaunchScreen;
			sourceTree = "<group>";
		};
		18469DBF2A591640009ACE6A /* Cells */ = {
			isa = PBXGroup;
			children = (
				18469DC82A591640009ACE6A /* MenuCell.xib */,
				18469DC72A591640009ACE6A /* RoomImageCell.xib */,
				18469E302A5978E7009ACE6A /* PostCell.xib */,
				1844602D2A643A750012E0CC /* ZoomImageCell.xib */,
				184460312A643B440012E0CC /* WebViewCell.xib */,
				183FF6772A7E61AB0069012B /* PostCollectionCell.xib */,
			);
			path = Cells;
			sourceTree = "<group>";
		};
		18469DC92A591640009ACE6A /* Screens */ = {
			isa = PBXGroup;
			children = (
				1856D6BB2A5A608D0069586D /* MainScreen */,
				1856D6C12A5A76C50069586D /* HomeScreen */,
				1856D6BC2A5A60970069586D /* SearchScreen */,
				1856D6C22A5A77C60069586D /* PostScreen */,
				183FF67A2A7EAE790069012B /* LibraryScreen */,
				1856D6C42A5A77F20069586D /* SettingScreen */,
			);
			path = Screens;
			sourceTree = "<group>";
		};
		18469DD52A591640009ACE6A /* View */ = {
			isa = PBXGroup;
			children = (
				18825A782A715E9900F8FC90 /* PriceFilterView.xib */,
				18E63FE62A72B5EB00F04E00 /* AreaFilterView.xib */,
				18469DD62A591640009ACE6A /* SettingThemeView.storyboard */,
				18469DD72A591640009ACE6A /* AccountSettingView.storyboard */,
				188B29DF2A7DF810004C07A5 /* LoginView.storyboard */,
				183FF6722A7E02940069012B /* RegisterView.storyboard */,
				18AD083E2A7FF51600148A1C /* UpdateInformationView.storyboard */,
			);
			path = View;
			sourceTree = "<group>";
		};
		18469DDC2A591640009ACE6A /* ViewControllers */ = {
			isa = PBXGroup;
			children = (
				18469DDD2A591640009ACE6A /* MainScreen */,
				18469DED2A591640009ACE6A /* HomeScreen */,
				18469DDF2A591640009ACE6A /* SearchScreen */,
				18469DE52A591640009ACE6A /* PostScreen */,
				18469DE72A591640009ACE6A /* LibraryScreen */,
				18469DE92A591640009ACE6A /* SettingScreen */,
			);
			path = ViewControllers;
			sourceTree = "<group>";
		};
		18469DDD2A591640009ACE6A /* MainScreen */ = {
			isa = PBXGroup;
			children = (
				18469DDE2A591640009ACE6A /* MainScreen.swift */,
			);
			path = MainScreen;
			sourceTree = "<group>";
		};
		18469DDF2A591640009ACE6A /* SearchScreen */ = {
			isa = PBXGroup;
			children = (
				18469DE42A591640009ACE6A /* SearchScreen.swift */,
				1856D6BF2A5A61470069586D /* PostDetailScreen.swift */,
				1841100B2A5DB4EC00A7674D /* ZoomImageScreen.swift */,
			);
			path = SearchScreen;
			sourceTree = "<group>";
		};
		18469DE52A591640009ACE6A /* PostScreen */ = {
			isa = PBXGroup;
			children = (
				18469DE62A591640009ACE6A /* PostScreen.swift */,
			);
			path = PostScreen;
			sourceTree = "<group>";
		};
		18469DE72A591640009ACE6A /* LibraryScreen */ = {
			isa = PBXGroup;
			children = (
				18469DE82A591640009ACE6A /* LibraryScreen.swift */,
			);
			path = LibraryScreen;
			sourceTree = "<group>";
		};
		18469DE92A591640009ACE6A /* SettingScreen */ = {
			isa = PBXGroup;
			children = (
				18469DEA2A591640009ACE6A /* SettingScreenController.swift */,
			);
			path = SettingScreen;
			sourceTree = "<group>";
		};
		18469DED2A591640009ACE6A /* HomeScreen */ = {
			isa = PBXGroup;
			children = (
				18469DF22A591640009ACE6A /* HomeScreen.swift */,
			);
			path = HomeScreen;
			sourceTree = "<group>";
		};
		18469E3D2A59BB02009ACE6A /* Support */ = {
			isa = PBXGroup;
			children = (
				18D6FF502A697D8C00B9B571 /* MenuDropDown */,
				189E0B282A66EFA8008BD0D0 /* LoadImage */,
				189E0B252A66EE80008BD0D0 /* ReadJSON */,
			);
			path = Support;
			sourceTree = "<group>";
		};
		1856D6BB2A5A608D0069586D /* MainScreen */ = {
			isa = PBXGroup;
			children = (
				18469DCB2A591640009ACE6A /* MainScreen.storyboard */,
			);
			path = MainScreen;
			sourceTree = "<group>";
		};
		1856D6BC2A5A60970069586D /* SearchScreen */ = {
			isa = PBXGroup;
			children = (
				18469DCA2A591640009ACE6A /* SearchScreen.storyboard */,
				1856D6BD2A5A60B30069586D /* PostDetailScreen.storyboard */,
				1841100D2A5DB50700A7674D /* ZoomImageScreen.storyboard */,
			);
			path = SearchScreen;
			sourceTree = "<group>";
		};
		1856D6C12A5A76C50069586D /* HomeScreen */ = {
			isa = PBXGroup;
			children = (
				18469DD02A591640009ACE6A /* HomeScreen.storyboard */,
			);
			path = HomeScreen;
			sourceTree = "<group>";
		};
		1856D6C22A5A77C60069586D /* PostScreen */ = {
			isa = PBXGroup;
			children = (
				18469DCD2A591640009ACE6A /* PostScreen.storyboard */,
			);
			path = PostScreen;
			sourceTree = "<group>";
		};
		1856D6C42A5A77F20069586D /* SettingScreen */ = {
			isa = PBXGroup;
			children = (
				18469DCE2A591640009ACE6A /* SettingScreen.storyboard */,
			);
			path = SettingScreen;
			sourceTree = "<group>";
		};
		189E0B252A66EE80008BD0D0 /* ReadJSON */ = {
			isa = PBXGroup;
			children = (
				189E0B212A66EE45008BD0D0 /* FullAddress.txt */,
				18C31D412A6CD73F00E1E0DD /* FullCities.txt */,
				18C31D452A6CE49700E1E0DD /* FullDistricts.txt */,
				189E0B232A66EE69008BD0D0 /* GetFullAddress.swift */,
				189E0B262A66EECE008BD0D0 /* FullAddress.swift */,
			);
			path = ReadJSON;
			sourceTree = "<group>";
		};
		189E0B282A66EFA8008BD0D0 /* LoadImage */ = {
			isa = PBXGroup;
			children = (
				18469E3F2A59BB21009ACE6A /* LoadImage.swift */,
			);
			path = LoadImage;
			sourceTree = "<group>";
		};
		18AD083D2A7FA4D200148A1C /* View */ = {
			isa = PBXGroup;
			children = (
				18825A7A2A71613400F8FC90 /* PriceFilterView.swift */,
				18E63FE82A72B88C00F04E00 /* AreaFilterView.swift */,
				18469DEC2A591640009ACE6A /* SettingThemeView.swift */,
				18469DEB2A591640009ACE6A /* AccountSettingView.swift */,
				183FF6702A7DFEAB0069012B /* LoginView.swift */,
				183FF6742A7E02AB0069012B /* RegisterView.swift */,
				18AD08402A7FF52900148A1C /* UpdateInformationView.swift */,
			);
			path = View;
			sourceTree = "<group>";
		};
		18D6FF502A697D8C00B9B571 /* MenuDropDown */ = {
			isa = PBXGroup;
			children = (
				18D6FF512A697D9E00B9B571 /* MenuDropDown.swift */,
			);
			path = MenuDropDown;
			sourceTree = "<group>";
		};
/* End PBXGroup section */

/* Begin PBXNativeTarget section */
		18469D832A591538009ACE6A /* FinalProject */ = {
			isa = PBXNativeTarget;
			buildConfigurationList = 18469D982A591539009ACE6A /* Build configuration list for PBXNativeTarget "FinalProject" */;
			buildPhases = (
				18469D802A591538009ACE6A /* Sources */,
				18469D812A591538009ACE6A /* Frameworks */,
				18469D822A591538009ACE6A /* Resources */,
				18E18AD52AD305D5005E1A8C /* Embed Frameworks */,
			);
			buildRules = (
			);
			dependencies = (
			);
			name = FinalProject;
			packageProductDependencies = (
				18469E3B2A598003009ACE6A /* SwiftSoup */,
			);
			productName = FinalProject;
			productReference = 18469D842A591538009ACE6A /* FinalProject.app */;
			productType = "com.apple.product-type.application";
		};
/* End PBXNativeTarget section */

/* Begin PBXProject section */
		18469D7C2A591537009ACE6A /* Project object */ = {
			isa = PBXProject;
			attributes = {
				BuildIndependentTargetsInParallel = 1;
				LastSwiftUpdateCheck = 1320;
				LastUpgradeCheck = 1320;
				TargetAttributes = {
					18469D832A591538009ACE6A = {
						CreatedOnToolsVersion = 13.2.1;
					};
				};
			};
			buildConfigurationList = 18469D7F2A591537009ACE6A /* Build configuration list for PBXProject "FinalProject" */;
			compatibilityVersion = "Xcode 13.0";
			developmentRegion = en;
			hasScannedForEncodings = 0;
			knownRegions = (
				en,
				Base,
			);
			mainGroup = 18469D7B2A591537009ACE6A;
			packageReferences = (
				18469E3A2A598003009ACE6A /* XCRemoteSwiftPackageReference "SwiftSoup" */,
			);
			productRefGroup = 18469D852A591538009ACE6A /* Products */;
			projectDirPath = "";
			projectRoot = "";
			targets = (
				18469D832A591538009ACE6A /* FinalProject */,
			);
		};
/* End PBXProject section */

/* Begin PBXResourcesBuildPhase section */
		18469D822A591538009ACE6A /* Resources */ = {
			isa = PBXResourcesBuildPhase;
			buildActionMask = 2147483647;
			files = (
				18C31D422A6CD73F00E1E0DD /* FullCities.txt in Resources */,
				18469D9F2A5915FA009ACE6A /* Staatliches-Regular.ttf in Resources */,
				18469E142A591640009ACE6A /* MainScreen.storyboard in Resources */,
				18E63FE72A72B5EB00F04E00 /* AreaFilterView.xib in Resources */,
				18C31D462A6CE49700E1E0DD /* FullDistricts.txt in Resources */,
				18469E122A591640009ACE6A /* MenuCell.xib in Resources */,
				18469E322A5978E7009ACE6A /* PostCell.xib in Resources */,
				1844602F2A643A750012E0CC /* ZoomImageCell.xib in Resources */,
				184460332A643B440012E0CC /* WebViewCell.xib in Resources */,
				18469E182A591640009ACE6A /* HomeScreen.storyboard in Resources */,
				18469E1C2A591640009ACE6A /* SettingThemeView.storyboard in Resources */,
				18469E1D2A591640009ACE6A /* AccountSettingView.storyboard in Resources */,
				183FF6732A7E02940069012B /* RegisterView.storyboard in Resources */,
				188B29E02A7DF810004C07A5 /* LoginView.storyboard in Resources */,
				18AD083F2A7FF51600148A1C /* UpdateInformationView.storyboard in Resources */,
				18469E132A591640009ACE6A /* SearchScreen.storyboard in Resources */,
				18469E162A591640009ACE6A /* SettingScreen.storyboard in Resources */,
				189E0B222A66EE45008BD0D0 /* FullAddress.txt in Resources */,
				183FF6792A7E61AB0069012B /* PostCollectionCell.xib in Resources */,
				1856D6BE2A5A60B30069586D /* PostDetailScreen.storyboard in Resources */,
				18825A792A715E9900F8FC90 /* PriceFilterView.xib in Resources */,
				1841100E2A5DB50700A7674D /* ZoomImageScreen.storyboard in Resources */,
				18469D942A591539009ACE6A /* LaunchScreen.storyboard in Resources */,
				18469E172A591640009ACE6A /* LibraryScreen.storyboard in Resources */,
				18469E112A591640009ACE6A /* RoomImageCell.xib in Resources */,
				18469E152A591640009ACE6A /* PostScreen.storyboard in Resources */,
				18469D912A591539009ACE6A /* Assets.xcassets in Resources */,
			);
			runOnlyForDeploymentPostprocessing = 0;
		};
/* End PBXResourcesBuildPhase section */

/* Begin PBXSourcesBuildPhase section */
		18469D802A591538009ACE6A /* Sources */ = {
			isa = PBXSourcesBuildPhase;
			buildActionMask = 2147483647;
			files = (
				1856D6C62A5AB8B00069586D /* PostDetail.swift in Sources */,
				1844602E2A643A750012E0CC /* ZoomImageCell.swift in Sources */,
				18D6FF522A697D9E00B9B571 /* MenuDropDown.swift in Sources */,
				18469E262A591640009ACE6A /* PostScreen.swift in Sources */,
				181D8F742AC345C200098479 /* RecommendPost.swift in Sources */,
				189E0B242A66EE69008BD0D0 /* GetFullAddress.swift in Sources */,
				1841100C2A5DB4EC00A7674D /* ZoomImageScreen.swift in Sources */,
				189E0B272A66EECE008BD0D0 /* FullAddress.swift in Sources */,
				1856D6C82A5ABB270069586D /* PostDetailData.swift in Sources */,
				18469E212A591640009ACE6A /* MainScreen.swift in Sources */,
				18AD08412A7FF52900148A1C /* UpdateInformationView.swift in Sources */,
				18E63FE92A72B88C00F04E00 /* AreaFilterView.swift in Sources */,
				18469E282A591640009ACE6A /* SettingScreenController.swift in Sources */,
				18469D882A591538009ACE6A /* AppDelegate.swift in Sources */,
				18469E252A591640009ACE6A /* SearchScreen.swift in Sources */,
				18469E2A2A591640009ACE6A /* SettingThemeView.swift in Sources */,
				1856D6C02A5A61470069586D /* PostDetailScreen.swift in Sources */,
				182721032AC5CB0900AAEA21 /* UserInteraction.swift in Sources */,
				18469E072A591640009ACE6A /* MenuCell.swift in Sources */,
				183FF6712A7DFEAB0069012B /* LoginView.swift in Sources */,
				1841100A2A5DA11400A7674D /* UserInfor.swift in Sources */,
				18E18AD02AD2D26B005E1A8C /* CollaborativeFilter.swift in Sources */,
				18469E2E2A591640009ACE6A /* HomeScreen.swift in Sources */,
				18469DF82A591640009ACE6A /* Constant.swift in Sources */,
				18469E402A59BB21009ACE6A /* LoadImage.swift in Sources */,
				18469E272A591640009ACE6A /* LibraryScreen.swift in Sources */,
				18469E062A591640009ACE6A /* RoomImageCell.swift in Sources */,
				18825A7D2A71850A00F8FC90 /* DoubleExtension.swift in Sources */,
				183FF6782A7E61AB0069012B /* PostCollectionCell.swift in Sources */,
				18E18ACE2AD2D1FC005E1A8C /* GetAllPost.swift in Sources */,
				18558C8E2AC87F450077AE0A /* User.swift in Sources */,
				18469E362A597EFF009ACE6A /* PostData.swift in Sources */,
				183FF6752A7E02AB0069012B /* RegisterView.swift in Sources */,
				18469D8A2A591538009ACE6A /* SceneDelegate.swift in Sources */,
				184460322A643B440012E0CC /* WebViewCell.swift in Sources */,
				1875B9072A66DD1700C7E635 /* StringExtension.swift in Sources */,
				18469E292A591640009ACE6A /* AccountSettingView.swift in Sources */,
				18825A7B2A71613400F8FC90 /* PriceFilterView.swift in Sources */,
				18469E342A597C87009ACE6A /* Post.swift in Sources */,
				18469E312A5978E7009ACE6A /* PostCell.swift in Sources */,
				18469DF42A591640009ACE6A /* ViewExtension.swift in Sources */,
				181D8F722AC3459A00098479 /* ContentBasedFilter.swift in Sources */,
			);
			runOnlyForDeploymentPostprocessing = 0;
		};
/* End PBXSourcesBuildPhase section */

/* Begin PBXVariantGroup section */
		18469D922A591539009ACE6A /* LaunchScreen.storyboard */ = {
			isa = PBXVariantGroup;
			children = (
				18469D932A591539009ACE6A /* Base */,
			);
			name = LaunchScreen.storyboard;
			sourceTree = "<group>";
		};
		18469DCB2A591640009ACE6A /* MainScreen.storyboard */ = {
			isa = PBXVariantGroup;
			children = (
				18469DCC2A591640009ACE6A /* Base */,
			);
			name = MainScreen.storyboard;
			sourceTree = "<group>";
		};
/* End PBXVariantGroup section */

/* Begin XCBuildConfiguration section */
		18469D962A591539009ACE6A /* Debug */ = {
			isa = XCBuildConfiguration;
			buildSettings = {
				ALWAYS_SEARCH_USER_PATHS = NO;
				CLANG_ANALYZER_NONNULL = YES;
				CLANG_ANALYZER_NUMBER_OBJECT_CONVERSION = YES_AGGRESSIVE;
				CLANG_CXX_LANGUAGE_STANDARD = "gnu++17";
				CLANG_CXX_LIBRARY = "libc++";
				CLANG_ENABLE_MODULES = YES;
				CLANG_ENABLE_OBJC_ARC = YES;
				CLANG_ENABLE_OBJC_WEAK = YES;
				CLANG_WARN_BLOCK_CAPTURE_AUTORELEASING = YES;
				CLANG_WARN_BOOL_CONVERSION = YES;
				CLANG_WARN_COMMA = YES;
				CLANG_WARN_CONSTANT_CONVERSION = YES;
				CLANG_WARN_DEPRECATED_OBJC_IMPLEMENTATIONS = YES;
				CLANG_WARN_DIRECT_OBJC_ISA_USAGE = YES_ERROR;
				CLANG_WARN_DOCUMENTATION_COMMENTS = YES;
				CLANG_WARN_EMPTY_BODY = YES;
				CLANG_WARN_ENUM_CONVERSION = YES;
				CLANG_WARN_INFINITE_RECURSION = YES;
				CLANG_WARN_INT_CONVERSION = YES;
				CLANG_WARN_NON_LITERAL_NULL_CONVERSION = YES;
				CLANG_WARN_OBJC_IMPLICIT_RETAIN_SELF = YES;
				CLANG_WARN_OBJC_LITERAL_CONVERSION = YES;
				CLANG_WARN_OBJC_ROOT_CLASS = YES_ERROR;
				CLANG_WARN_QUOTED_INCLUDE_IN_FRAMEWORK_HEADER = YES;
				CLANG_WARN_RANGE_LOOP_ANALYSIS = YES;
				CLANG_WARN_STRICT_PROTOTYPES = YES;
				CLANG_WARN_SUSPICIOUS_MOVE = YES;
				CLANG_WARN_UNGUARDED_AVAILABILITY = YES_AGGRESSIVE;
				CLANG_WARN_UNREACHABLE_CODE = YES;
				CLANG_WARN__DUPLICATE_METHOD_MATCH = YES;
				COPY_PHASE_STRIP = NO;
				DEBUG_INFORMATION_FORMAT = dwarf;
				ENABLE_STRICT_OBJC_MSGSEND = YES;
				ENABLE_TESTABILITY = YES;
				GCC_C_LANGUAGE_STANDARD = gnu11;
				GCC_DYNAMIC_NO_PIC = NO;
				GCC_NO_COMMON_BLOCKS = YES;
				GCC_OPTIMIZATION_LEVEL = 0;
				GCC_PREPROCESSOR_DEFINITIONS = (
					"DEBUG=1",
					"$(inherited)",
				);
				GCC_WARN_64_TO_32_BIT_CONVERSION = YES;
				GCC_WARN_ABOUT_RETURN_TYPE = YES_ERROR;
				GCC_WARN_UNDECLARED_SELECTOR = YES;
				GCC_WARN_UNINITIALIZED_AUTOS = YES_AGGRESSIVE;
				GCC_WARN_UNUSED_FUNCTION = YES;
				GCC_WARN_UNUSED_VARIABLE = YES;
				IPHONEOS_DEPLOYMENT_TARGET = 15.2;
				MTL_ENABLE_DEBUG_INFO = INCLUDE_SOURCE;
				MTL_FAST_MATH = YES;
				ONLY_ACTIVE_ARCH = YES;
				SDKROOT = iphoneos;
				SWIFT_ACTIVE_COMPILATION_CONDITIONS = DEBUG;
				SWIFT_OPTIMIZATION_LEVEL = "-Onone";
			};
			name = Debug;
		};
		18469D972A591539009ACE6A /* Release */ = {
			isa = XCBuildConfiguration;
			buildSettings = {
				ALWAYS_SEARCH_USER_PATHS = NO;
				CLANG_ANALYZER_NONNULL = YES;
				CLANG_ANALYZER_NUMBER_OBJECT_CONVERSION = YES_AGGRESSIVE;
				CLANG_CXX_LANGUAGE_STANDARD = "gnu++17";
				CLANG_CXX_LIBRARY = "libc++";
				CLANG_ENABLE_MODULES = YES;
				CLANG_ENABLE_OBJC_ARC = YES;
				CLANG_ENABLE_OBJC_WEAK = YES;
				CLANG_WARN_BLOCK_CAPTURE_AUTORELEASING = YES;
				CLANG_WARN_BOOL_CONVERSION = YES;
				CLANG_WARN_COMMA = YES;
				CLANG_WARN_CONSTANT_CONVERSION = YES;
				CLANG_WARN_DEPRECATED_OBJC_IMPLEMENTATIONS = YES;
				CLANG_WARN_DIRECT_OBJC_ISA_USAGE = YES_ERROR;
				CLANG_WARN_DOCUMENTATION_COMMENTS = YES;
				CLANG_WARN_EMPTY_BODY = YES;
				CLANG_WARN_ENUM_CONVERSION = YES;
				CLANG_WARN_INFINITE_RECURSION = YES;
				CLANG_WARN_INT_CONVERSION = YES;
				CLANG_WARN_NON_LITERAL_NULL_CONVERSION = YES;
				CLANG_WARN_OBJC_IMPLICIT_RETAIN_SELF = YES;
				CLANG_WARN_OBJC_LITERAL_CONVERSION = YES;
				CLANG_WARN_OBJC_ROOT_CLASS = YES_ERROR;
				CLANG_WARN_QUOTED_INCLUDE_IN_FRAMEWORK_HEADER = YES;
				CLANG_WARN_RANGE_LOOP_ANALYSIS = YES;
				CLANG_WARN_STRICT_PROTOTYPES = YES;
				CLANG_WARN_SUSPICIOUS_MOVE = YES;
				CLANG_WARN_UNGUARDED_AVAILABILITY = YES_AGGRESSIVE;
				CLANG_WARN_UNREACHABLE_CODE = YES;
				CLANG_WARN__DUPLICATE_METHOD_MATCH = YES;
				COPY_PHASE_STRIP = NO;
				DEBUG_INFORMATION_FORMAT = "dwarf-with-dsym";
				ENABLE_NS_ASSERTIONS = NO;
				ENABLE_STRICT_OBJC_MSGSEND = YES;
				GCC_C_LANGUAGE_STANDARD = gnu11;
				GCC_NO_COMMON_BLOCKS = YES;
				GCC_WARN_64_TO_32_BIT_CONVERSION = YES;
				GCC_WARN_ABOUT_RETURN_TYPE = YES_ERROR;
				GCC_WARN_UNDECLARED_SELECTOR = YES;
				GCC_WARN_UNINITIALIZED_AUTOS = YES_AGGRESSIVE;
				GCC_WARN_UNUSED_FUNCTION = YES;
				GCC_WARN_UNUSED_VARIABLE = YES;
				IPHONEOS_DEPLOYMENT_TARGET = 15.2;
				MTL_ENABLE_DEBUG_INFO = NO;
				MTL_FAST_MATH = YES;
				SDKROOT = iphoneos;
				SWIFT_COMPILATION_MODE = wholemodule;
				SWIFT_OPTIMIZATION_LEVEL = "-O";
				VALIDATE_PRODUCT = YES;
			};
			name = Release;
		};
		18469D992A591539009ACE6A /* Debug */ = {
			isa = XCBuildConfiguration;
			buildSettings = {
				ASSETCATALOG_COMPILER_APPICON_NAME = AppIcon;
				ASSETCATALOG_COMPILER_GLOBAL_ACCENT_COLOR_NAME = AccentColor;
				CODE_SIGN_STYLE = Automatic;
				CURRENT_PROJECT_VERSION = 1;
				GENERATE_INFOPLIST_FILE = YES;
				INFOPLIST_FILE = FinalProject/Info.plist;
				INFOPLIST_KEY_UIApplicationSupportsIndirectInputEvents = YES;
				INFOPLIST_KEY_UILaunchStoryboardName = LaunchScreen;
				INFOPLIST_KEY_UIMainStoryboardFile = MainScreen;
				INFOPLIST_KEY_UISupportedInterfaceOrientations_iPad = "UIInterfaceOrientationPortrait UIInterfaceOrientationPortraitUpsideDown UIInterfaceOrientationLandscapeLeft UIInterfaceOrientationLandscapeRight";
				INFOPLIST_KEY_UISupportedInterfaceOrientations_iPhone = "UIInterfaceOrientationPortrait UIInterfaceOrientationLandscapeLeft UIInterfaceOrientationLandscapeRight";
				LD_RUNPATH_SEARCH_PATHS = (
					"$(inherited)",
					"@executable_path/Frameworks",
				);
				MARKETING_VERSION = 1.0;
				PRODUCT_BUNDLE_IDENTIFIER = thanducc.FinalProject;
				PRODUCT_NAME = "$(TARGET_NAME)";
				SWIFT_EMIT_LOC_STRINGS = YES;
				SWIFT_VERSION = 5.0;
				TARGETED_DEVICE_FAMILY = "1,2";
			};
			name = Debug;
		};
		18469D9A2A591539009ACE6A /* Release */ = {
			isa = XCBuildConfiguration;
			buildSettings = {
				ASSETCATALOG_COMPILER_APPICON_NAME = AppIcon;
				ASSETCATALOG_COMPILER_GLOBAL_ACCENT_COLOR_NAME = AccentColor;
				CODE_SIGN_STYLE = Automatic;
				CURRENT_PROJECT_VERSION = 1;
				GENERATE_INFOPLIST_FILE = YES;
				INFOPLIST_FILE = FinalProject/Info.plist;
				INFOPLIST_KEY_UIApplicationSupportsIndirectInputEvents = YES;
				INFOPLIST_KEY_UILaunchStoryboardName = LaunchScreen;
				INFOPLIST_KEY_UIMainStoryboardFile = MainScreen;
				INFOPLIST_KEY_UISupportedInterfaceOrientations_iPad = "UIInterfaceOrientationPortrait UIInterfaceOrientationPortraitUpsideDown UIInterfaceOrientationLandscapeLeft UIInterfaceOrientationLandscapeRight";
				INFOPLIST_KEY_UISupportedInterfaceOrientations_iPhone = "UIInterfaceOrientationPortrait UIInterfaceOrientationLandscapeLeft UIInterfaceOrientationLandscapeRight";
				LD_RUNPATH_SEARCH_PATHS = (
					"$(inherited)",
					"@executable_path/Frameworks",
				);
				MARKETING_VERSION = 1.0;
				PRODUCT_BUNDLE_IDENTIFIER = thanducc.FinalProject;
				PRODUCT_NAME = "$(TARGET_NAME)";
				SWIFT_EMIT_LOC_STRINGS = YES;
				SWIFT_VERSION = 5.0;
				TARGETED_DEVICE_FAMILY = "1,2";
			};
			name = Release;
		};
/* End XCBuildConfiguration section */

/* Begin XCConfigurationList section */
		18469D7F2A591537009ACE6A /* Build configuration list for PBXProject "FinalProject" */ = {
			isa = XCConfigurationList;
			buildConfigurations = (
				18469D962A591539009ACE6A /* Debug */,
				18469D972A591539009ACE6A /* Release */,
			);
			defaultConfigurationIsVisible = 0;
			defaultConfigurationName = Release;
		};
		18469D982A591539009ACE6A /* Build configuration list for PBXNativeTarget "FinalProject" */ = {
			isa = XCConfigurationList;
			buildConfigurations = (
				18469D992A591539009ACE6A /* Debug */,
				18469D9A2A591539009ACE6A /* Release */,
			);
			defaultConfigurationIsVisible = 0;
			defaultConfigurationName = Release;
		};
/* End XCConfigurationList section */

/* Begin XCRemoteSwiftPackageReference section */
		18469E3A2A598003009ACE6A /* XCRemoteSwiftPackageReference "SwiftSoup" */ = {
			isa = XCRemoteSwiftPackageReference;
			repositoryURL = "https://github.com/scinfu/SwiftSoup";
			requirement = {
				kind = upToNextMajorVersion;
				minimumVersion = 1.0.0;
			};
		};
/* End XCRemoteSwiftPackageReference section */

/* Begin XCSwiftPackageProductDependency section */
		18469E3B2A598003009ACE6A /* SwiftSoup */ = {
			isa = XCSwiftPackageProductDependency;
			package = 18469E3A2A598003009ACE6A /* XCRemoteSwiftPackageReference "SwiftSoup" */;
			productName = SwiftSoup;
		};
/* End XCSwiftPackageProductDependency section */
	};
	rootObject = 18469D7C2A591537009ACE6A /* Project object */;
}
